// !$*UTF8*$!
{
	archiveVersion = 1;
	classes = {
	};
	objectVersion = 56;
	objects = {

/* Begin PBXBuildFile section */
		960E2F712BD8025E005ACE6A /* CardSmallProduct.swift in Sources */ = {isa = PBXBuildFile; fileRef = 960E2F702BD8025E005ACE6A /* CardSmallProduct.swift */; };
		961132012BDAE72B005BC821 /* CartView.swift in Sources */ = {isa = PBXBuildFile; fileRef = 961132002BDAE72B005BC821 /* CartView.swift */; };
		961132032BDAFAA5005BC821 /* CartToCard.swift in Sources */ = {isa = PBXBuildFile; fileRef = 961132022BDAFAA5005BC821 /* CartToCard.swift */; };
		961132062BDB027D005BC821 /* DismissButton.swift in Sources */ = {isa = PBXBuildFile; fileRef = 961132052BDB027D005BC821 /* DismissButton.swift */; };
		962208DE2BF05AE2008DA3EC /* DynamicIslandDelegate.swift in Sources */ = {isa = PBXBuildFile; fileRef = 962208DD2BF05AE2008DA3EC /* DynamicIslandDelegate.swift */; };
		963CF0F22C08190A00DB4ADB /* RegisterView.swift in Sources */ = {isa = PBXBuildFile; fileRef = 963CF0F12C08190A00DB4ADB /* RegisterView.swift */; };
		9646970C2C050D9E0077A139 /* LoginView.swift in Sources */ = {isa = PBXBuildFile; fileRef = 9646970B2C050D9E0077A139 /* LoginView.swift */; };
		965FC69A2BDBF18300DE5931 /* CartManager.swift in Sources */ = {isa = PBXBuildFile; fileRef = 965FC6992BDBF18300DE5931 /* CartManager.swift */; };
		965FC69C2BDBF4FF00DE5931 /* CartModel.swift in Sources */ = {isa = PBXBuildFile; fileRef = 965FC69B2BDBF4FF00DE5931 /* CartModel.swift */; };
		965FC69E2BDBF64B00DE5931 /* CartvViewModel.swift in Sources */ = {isa = PBXBuildFile; fileRef = 965FC69D2BDBF64B00DE5931 /* CartvViewModel.swift */; };
		966860292BD0B81000546035 /* ProductModel.swift in Sources */ = {isa = PBXBuildFile; fileRef = 966860282BD0B81000546035 /* ProductModel.swift */; };
		968C29652BF06A70003663E7 /* DynamicIslandModel.swift in Sources */ = {isa = PBXBuildFile; fileRef = 968C29642BF06A70003663E7 /* DynamicIslandModel.swift */; };
		96904BF42BD35055000F1CC1 /* ProductViewModel.swift in Sources */ = {isa = PBXBuildFile; fileRef = 96904BF32BD35055000F1CC1 /* ProductViewModel.swift */; };
		96904BF62BD35063000F1CC1 /* CategoryViewModel.swift in Sources */ = {isa = PBXBuildFile; fileRef = 96904BF52BD35063000F1CC1 /* CategoryViewModel.swift */; };
		96904BF82BD3567D000F1CC1 /* CategoryListView.swift in Sources */ = {isa = PBXBuildFile; fileRef = 96904BF72BD3567D000F1CC1 /* CategoryListView.swift */; };
		969EF5292BE30A3100C229C6 /* User.swift in Sources */ = {isa = PBXBuildFile; fileRef = 969EF5282BE30A3100C229C6 /* User.swift */; };
		969EF52B2BE30BDC00C229C6 /* UserViewModel.swift in Sources */ = {isa = PBXBuildFile; fileRef = 969EF52A2BE30BDC00C229C6 /* UserViewModel.swift */; };
		96AA6C5E2C05609A00FA97CD /* UsersCredentials.swift in Sources */ = {isa = PBXBuildFile; fileRef = 96AA6C5D2C05609A00FA97CD /* UsersCredentials.swift */; };
		96C1254C2C0FB3A8003E1AEA /* ProductDescriptionView.swift in Sources */ = {isa = PBXBuildFile; fileRef = 96C1254B2C0FB3A8003E1AEA /* ProductDescriptionView.swift */; };
		96D228C72BD35FC400FE7806 /* ProductListView.swift in Sources */ = {isa = PBXBuildFile; fileRef = 96D228C62BD35FC400FE7806 /* ProductListView.swift */; };
		96EBCB152BD006CE00F0DC7B /* EcommerceAppApp.swift in Sources */ = {isa = PBXBuildFile; fileRef = 96EBCB142BD006CE00F0DC7B /* EcommerceAppApp.swift */; };
		96EBCB172BD006CE00F0DC7B /* ContentView.swift in Sources */ = {isa = PBXBuildFile; fileRef = 96EBCB162BD006CE00F0DC7B /* ContentView.swift */; };
		96EBCB192BD006D000F0DC7B /* Assets.xcassets in Resources */ = {isa = PBXBuildFile; fileRef = 96EBCB182BD006D000F0DC7B /* Assets.xcassets */; };
		96EBCB1C2BD006D000F0DC7B /* Preview Assets.xcassets in Resources */ = {isa = PBXBuildFile; fileRef = 96EBCB1B2BD006D000F0DC7B /* Preview Assets.xcassets */; };
		96EBCB232BD006EE00F0DC7B /* Home.swift in Sources */ = {isa = PBXBuildFile; fileRef = 96EBCB222BD006EE00F0DC7B /* Home.swift */; };
		96EBCB272BD019A500F0DC7B /* CategoryModel.swift in Sources */ = {isa = PBXBuildFile; fileRef = 96EBCB262BD019A500F0DC7B /* CategoryModel.swift */; };
/* End PBXBuildFile section */

/* Begin PBXFileReference section */
		960E2F702BD8025E005ACE6A /* CardSmallProduct.swift */ = {isa = PBXFileReference; lastKnownFileType = sourcecode.swift; path = CardSmallProduct.swift; sourceTree = "<group>"; };
		961132002BDAE72B005BC821 /* CartView.swift */ = {isa = PBXFileReference; lastKnownFileType = sourcecode.swift; path = CartView.swift; sourceTree = "<group>"; };
		961132022BDAFAA5005BC821 /* CartToCard.swift */ = {isa = PBXFileReference; lastKnownFileType = sourcecode.swift; path = CartToCard.swift; sourceTree = "<group>"; };
		961132052BDB027D005BC821 /* DismissButton.swift */ = {isa = PBXFileReference; lastKnownFileType = sourcecode.swift; path = DismissButton.swift; sourceTree = "<group>"; };
		962208DD2BF05AE2008DA3EC /* DynamicIslandDelegate.swift */ = {isa = PBXFileReference; lastKnownFileType = sourcecode.swift; path = DynamicIslandDelegate.swift; sourceTree = "<group>"; };
		963CF0F12C08190A00DB4ADB /* RegisterView.swift */ = {isa = PBXFileReference; lastKnownFileType = sourcecode.swift; path = RegisterView.swift; sourceTree = "<group>"; };
		9646970B2C050D9E0077A139 /* LoginView.swift */ = {isa = PBXFileReference; lastKnownFileType = sourcecode.swift; path = LoginView.swift; sourceTree = "<group>"; };
		965FC6992BDBF18300DE5931 /* CartManager.swift */ = {isa = PBXFileReference; lastKnownFileType = sourcecode.swift; path = CartManager.swift; sourceTree = "<group>"; };
		965FC69B2BDBF4FF00DE5931 /* CartModel.swift */ = {isa = PBXFileReference; lastKnownFileType = sourcecode.swift; path = CartModel.swift; sourceTree = "<group>"; };
		965FC69D2BDBF64B00DE5931 /* CartvViewModel.swift */ = {isa = PBXFileReference; lastKnownFileType = sourcecode.swift; path = CartvViewModel.swift; sourceTree = "<group>"; };
		966860282BD0B81000546035 /* ProductModel.swift */ = {isa = PBXFileReference; lastKnownFileType = sourcecode.swift; path = ProductModel.swift; sourceTree = "<group>"; };
		968C29642BF06A70003663E7 /* DynamicIslandModel.swift */ = {isa = PBXFileReference; lastKnownFileType = sourcecode.swift; path = DynamicIslandModel.swift; sourceTree = "<group>"; };
		96904BF32BD35055000F1CC1 /* ProductViewModel.swift */ = {isa = PBXFileReference; lastKnownFileType = sourcecode.swift; path = ProductViewModel.swift; sourceTree = "<group>"; };
		96904BF52BD35063000F1CC1 /* CategoryViewModel.swift */ = {isa = PBXFileReference; lastKnownFileType = sourcecode.swift; path = CategoryViewModel.swift; sourceTree = "<group>"; };
		96904BF72BD3567D000F1CC1 /* CategoryListView.swift */ = {isa = PBXFileReference; lastKnownFileType = sourcecode.swift; path = CategoryListView.swift; sourceTree = "<group>"; };
		969EF5282BE30A3100C229C6 /* User.swift */ = {isa = PBXFileReference; lastKnownFileType = sourcecode.swift; path = User.swift; sourceTree = "<group>"; };
		969EF52A2BE30BDC00C229C6 /* UserViewModel.swift */ = {isa = PBXFileReference; lastKnownFileType = sourcecode.swift; path = UserViewModel.swift; sourceTree = "<group>"; };
		96AA6C5D2C05609A00FA97CD /* UsersCredentials.swift */ = {isa = PBXFileReference; lastKnownFileType = sourcecode.swift; path = UsersCredentials.swift; sourceTree = "<group>"; };
		96C1254B2C0FB3A8003E1AEA /* ProductDescriptionView.swift */ = {isa = PBXFileReference; lastKnownFileType = sourcecode.swift; path = ProductDescriptionView.swift; sourceTree = "<group>"; };
		96D228C62BD35FC400FE7806 /* ProductListView.swift */ = {isa = PBXFileReference; lastKnownFileType = sourcecode.swift; path = ProductListView.swift; sourceTree = "<group>"; };
		96EBCB112BD006CE00F0DC7B /* EcommerceApp.app */ = {isa = PBXFileReference; explicitFileType = wrapper.application; includeInIndex = 0; path = EcommerceApp.app; sourceTree = BUILT_PRODUCTS_DIR; };
		96EBCB142BD006CE00F0DC7B /* EcommerceAppApp.swift */ = {isa = PBXFileReference; lastKnownFileType = sourcecode.swift; path = EcommerceAppApp.swift; sourceTree = "<group>"; };
		96EBCB162BD006CE00F0DC7B /* ContentView.swift */ = {isa = PBXFileReference; lastKnownFileType = sourcecode.swift; name = ContentView.swift; path = ../ContentView.swift; sourceTree = "<group>"; };
		96EBCB182BD006D000F0DC7B /* Assets.xcassets */ = {isa = PBXFileReference; lastKnownFileType = folder.assetcatalog; path = Assets.xcassets; sourceTree = "<group>"; };
		96EBCB1B2BD006D000F0DC7B /* Preview Assets.xcassets */ = {isa = PBXFileReference; lastKnownFileType = folder.assetcatalog; path = "Preview Assets.xcassets"; sourceTree = "<group>"; };
		96EBCB222BD006EE00F0DC7B /* Home.swift */ = {isa = PBXFileReference; lastKnownFileType = sourcecode.swift; path = Home.swift; sourceTree = "<group>"; };
		96EBCB262BD019A500F0DC7B /* CategoryModel.swift */ = {isa = PBXFileReference; lastKnownFileType = sourcecode.swift; path = CategoryModel.swift; sourceTree = "<group>"; };
/* End PBXFileReference section */

/* Begin PBXFrameworksBuildPhase section */
		96EBCB0E2BD006CE00F0DC7B /* Frameworks */ = {
			isa = PBXFrameworksBuildPhase;
			buildActionMask = 2147483647;
			files = (
			);
			runOnlyForDeploymentPostprocessing = 0;
		};
/* End PBXFrameworksBuildPhase section */

/* Begin PBXGroup section */
		961132042BDB0266005BC821 /* Components */ = {
			isa = PBXGroup;
			children = (
				961132052BDB027D005BC821 /* DismissButton.swift */,
				962208DD2BF05AE2008DA3EC /* DynamicIslandDelegate.swift */,
			);
			path = Components;
			sourceTree = "<group>";
		};
		96904BF22BD3503B000F1CC1 /* ViewModel */ = {
			isa = PBXGroup;
			children = (
				96904BF32BD35055000F1CC1 /* ProductViewModel.swift */,
				96904BF52BD35063000F1CC1 /* CategoryViewModel.swift */,
				965FC69D2BDBF64B00DE5931 /* CartvViewModel.swift */,
				969EF52A2BE30BDC00C229C6 /* UserViewModel.swift */,
			);
			path = ViewModel;
			sourceTree = "<group>";
		};
		96AA6C5C2C05605700FA97CD /* Credentials */ = {
			isa = PBXGroup;
			children = (
				96AA6C5D2C05609A00FA97CD /* UsersCredentials.swift */,
			);
			path = Credentials;
			sourceTree = "<group>";
		};
		96EBCB082BD006CE00F0DC7B = {
			isa = PBXGroup;
			children = (
				96EBCB132BD006CE00F0DC7B /* EcommerceApp */,
				96EBCB122BD006CE00F0DC7B /* Products */,
			);
			sourceTree = "<group>";
		};
		96EBCB122BD006CE00F0DC7B /* Products */ = {
			isa = PBXGroup;
			children = (
				96EBCB112BD006CE00F0DC7B /* EcommerceApp.app */,
			);
			name = Products;
			sourceTree = "<group>";
		};
		96EBCB132BD006CE00F0DC7B /* EcommerceApp */ = {
			isa = PBXGroup;
			children = (
				96AA6C5C2C05605700FA97CD /* Credentials */,
				961132042BDB0266005BC821 /* Components */,
				96904BF22BD3503B000F1CC1 /* ViewModel */,
				96EBCB252BD0197F00F0DC7B /* Model */,
				96EBCB242BD0074200F0DC7B /* View */,
				96EBCB142BD006CE00F0DC7B /* EcommerceAppApp.swift */,
				96EBCB182BD006D000F0DC7B /* Assets.xcassets */,
				96EBCB1A2BD006D000F0DC7B /* Preview Content */,
			);
			path = EcommerceApp;
			sourceTree = "<group>";
		};
		96EBCB1A2BD006D000F0DC7B /* Preview Content */ = {
			isa = PBXGroup;
			children = (
				96EBCB1B2BD006D000F0DC7B /* Preview Assets.xcassets */,
			);
			path = "Preview Content";
			sourceTree = "<group>";
		};
		96EBCB242BD0074200F0DC7B /* View */ = {
			isa = PBXGroup;
			children = (
				96EBCB222BD006EE00F0DC7B /* Home.swift */,
				96904BF72BD3567D000F1CC1 /* CategoryListView.swift */,
				96D228C62BD35FC400FE7806 /* ProductListView.swift */,
				965FC6992BDBF18300DE5931 /* CartManager.swift */,
				960E2F702BD8025E005ACE6A /* CardSmallProduct.swift */,
				961132002BDAE72B005BC821 /* CartView.swift */,
				961132022BDAFAA5005BC821 /* CartToCard.swift */,
				96EBCB162BD006CE00F0DC7B /* ContentView.swift */,
				9646970B2C050D9E0077A139 /* LoginView.swift */,
				963CF0F12C08190A00DB4ADB /* RegisterView.swift */,
				96C1254B2C0FB3A8003E1AEA /* ProductDescriptionView.swift */,
			);
			path = View;
			sourceTree = "<group>";
		};
		96EBCB252BD0197F00F0DC7B /* Model */ = {
			isa = PBXGroup;
			children = (
				96EBCB262BD019A500F0DC7B /* CategoryModel.swift */,
				966860282BD0B81000546035 /* ProductModel.swift */,
				965FC69B2BDBF4FF00DE5931 /* CartModel.swift */,
				969EF5282BE30A3100C229C6 /* User.swift */,
				968C29642BF06A70003663E7 /* DynamicIslandModel.swift */,
			);
			path = Model;
			sourceTree = "<group>";
		};
/* End PBXGroup section */

/* Begin PBXNativeTarget section */
		96EBCB102BD006CE00F0DC7B /* EcommerceApp */ = {
			isa = PBXNativeTarget;
			buildConfigurationList = 96EBCB1F2BD006D000F0DC7B /* Build configuration list for PBXNativeTarget "EcommerceApp" */;
			buildPhases = (
				96EBCB0D2BD006CE00F0DC7B /* Sources */,
				96EBCB0E2BD006CE00F0DC7B /* Frameworks */,
				96EBCB0F2BD006CE00F0DC7B /* Resources */,
			);
			buildRules = (
			);
			dependencies = (
			);
			name = EcommerceApp;
			productName = EcommerceApp;
			productReference = 96EBCB112BD006CE00F0DC7B /* EcommerceApp.app */;
			productType = "com.apple.product-type.application";
		};
/* End PBXNativeTarget section */

/* Begin PBXProject section */
		96EBCB092BD006CE00F0DC7B /* Project object */ = {
			isa = PBXProject;
			attributes = {
				BuildIndependentTargetsInParallel = 1;
				LastSwiftUpdateCheck = 1500;
				LastUpgradeCheck = 1500;
				TargetAttributes = {
					96EBCB102BD006CE00F0DC7B = {
						CreatedOnToolsVersion = 15.0;
					};
				};
			};
			buildConfigurationList = 96EBCB0C2BD006CE00F0DC7B /* Build configuration list for PBXProject "EcommerceApp" */;
			compatibilityVersion = "Xcode 14.0";
			developmentRegion = en;
			hasScannedForEncodings = 0;
			knownRegions = (
				en,
				Base,
			);
			mainGroup = 96EBCB082BD006CE00F0DC7B;
			productRefGroup = 96EBCB122BD006CE00F0DC7B /* Products */;
			projectDirPath = "";
			projectRoot = "";
			targets = (
				96EBCB102BD006CE00F0DC7B /* EcommerceApp */,
			);
		};
/* End PBXProject section */

/* Begin PBXResourcesBuildPhase section */
		96EBCB0F2BD006CE00F0DC7B /* Resources */ = {
			isa = PBXResourcesBuildPhase;
			buildActionMask = 2147483647;
			files = (
				96EBCB1C2BD006D000F0DC7B /* Preview Assets.xcassets in Resources */,
				96EBCB192BD006D000F0DC7B /* Assets.xcassets in Resources */,
			);
			runOnlyForDeploymentPostprocessing = 0;
		};
/* End PBXResourcesBuildPhase section */

/* Begin PBXSourcesBuildPhase section */
		96EBCB0D2BD006CE00F0DC7B /* Sources */ = {
			isa = PBXSourcesBuildPhase;
			buildActionMask = 2147483647;
			files = (
				968C29652BF06A70003663E7 /* DynamicIslandModel.swift in Sources */,
				965FC69C2BDBF4FF00DE5931 /* CartModel.swift in Sources */,
				96904BF62BD35063000F1CC1 /* CategoryViewModel.swift in Sources */,
				960E2F712BD8025E005ACE6A /* CardSmallProduct.swift in Sources */,
				961132062BDB027D005BC821 /* DismissButton.swift in Sources */,
				96EBCB172BD006CE00F0DC7B /* ContentView.swift in Sources */,
				96EBCB272BD019A500F0DC7B /* CategoryModel.swift in Sources */,
				96904BF42BD35055000F1CC1 /* ProductViewModel.swift in Sources */,
				9646970C2C050D9E0077A139 /* LoginView.swift in Sources */,
				969EF52B2BE30BDC00C229C6 /* UserViewModel.swift in Sources */,
				969EF5292BE30A3100C229C6 /* User.swift in Sources */,
				961132012BDAE72B005BC821 /* CartView.swift in Sources */,
				961132032BDAFAA5005BC821 /* CartToCard.swift in Sources */,
				96EBCB232BD006EE00F0DC7B /* Home.swift in Sources */,
				965FC69A2BDBF18300DE5931 /* CartManager.swift in Sources */,
				96C1254C2C0FB3A8003E1AEA /* ProductDescriptionView.swift in Sources */,
				965FC69E2BDBF64B00DE5931 /* CartvViewModel.swift in Sources */,
				96EBCB152BD006CE00F0DC7B /* EcommerceAppApp.swift in Sources */,
				962208DE2BF05AE2008DA3EC /* DynamicIslandDelegate.swift in Sources */,
				96D228C72BD35FC400FE7806 /* ProductListView.swift in Sources */,
				96AA6C5E2C05609A00FA97CD /* UsersCredentials.swift in Sources */,
				963CF0F22C08190A00DB4ADB /* RegisterView.swift in Sources */,
				96904BF82BD3567D000F1CC1 /* CategoryListView.swift in Sources */,
				966860292BD0B81000546035 /* ProductModel.swift in Sources */,
			);
			runOnlyForDeploymentPostprocessing = 0;
		};
/* End PBXSourcesBuildPhase section */

/* Begin XCBuildConfiguration section */
		96EBCB1D2BD006D000F0DC7B /* Debug */ = {
			isa = XCBuildConfiguration;
			buildSettings = {
				ALWAYS_SEARCH_USER_PATHS = NO;
				ASSETCATALOG_COMPILER_GENERATE_SWIFT_ASSET_SYMBOL_EXTENSIONS = YES;
				CLANG_ANALYZER_NONNULL = YES;
				CLANG_ANALYZER_NUMBER_OBJECT_CONVERSION = YES_AGGRESSIVE;
				CLANG_CXX_LANGUAGE_STANDARD = "gnu++20";
				CLANG_ENABLE_MODULES = YES;
				CLANG_ENABLE_OBJC_ARC = YES;
				CLANG_ENABLE_OBJC_WEAK = YES;
				CLANG_WARN_BLOCK_CAPTURE_AUTORELEASING = YES;
				CLANG_WARN_BOOL_CONVERSION = YES;
				CLANG_WARN_COMMA = YES;
				CLANG_WARN_CONSTANT_CONVERSION = YES;
				CLANG_WARN_DEPRECATED_OBJC_IMPLEMENTATIONS = YES;
				CLANG_WARN_DIRECT_OBJC_ISA_USAGE = YES_ERROR;
				CLANG_WARN_DOCUMENTATION_COMMENTS = YES;
				CLANG_WARN_EMPTY_BODY = YES;
				CLANG_WARN_ENUM_CONVERSION = YES;
				CLANG_WARN_INFINITE_RECURSION = YES;
				CLANG_WARN_INT_CONVERSION = YES;
				CLANG_WARN_NON_LITERAL_NULL_CONVERSION = YES;
				CLANG_WARN_OBJC_IMPLICIT_RETAIN_SELF = YES;
				CLANG_WARN_OBJC_LITERAL_CONVERSION = YES;
				CLANG_WARN_OBJC_ROOT_CLASS = YES_ERROR;
				CLANG_WARN_QUOTED_INCLUDE_IN_FRAMEWORK_HEADER = YES;
				CLANG_WARN_RANGE_LOOP_ANALYSIS = YES;
				CLANG_WARN_STRICT_PROTOTYPES = YES;
				CLANG_WARN_SUSPICIOUS_MOVE = YES;
				CLANG_WARN_UNGUARDED_AVAILABILITY = YES_AGGRESSIVE;
				CLANG_WARN_UNREACHABLE_CODE = YES;
				CLANG_WARN__DUPLICATE_METHOD_MATCH = YES;
				COPY_PHASE_STRIP = NO;
				DEBUG_INFORMATION_FORMAT = dwarf;
				ENABLE_STRICT_OBJC_MSGSEND = YES;
				ENABLE_TESTABILITY = YES;
				ENABLE_USER_SCRIPT_SANDBOXING = YES;
				GCC_C_LANGUAGE_STANDARD = gnu17;
				GCC_DYNAMIC_NO_PIC = NO;
				GCC_NO_COMMON_BLOCKS = YES;
				GCC_OPTIMIZATION_LEVEL = 0;
				GCC_PREPROCESSOR_DEFINITIONS = (
					"DEBUG=1",
					"$(inherited)",
				);
				GCC_WARN_64_TO_32_BIT_CONVERSION = YES;
				GCC_WARN_ABOUT_RETURN_TYPE = YES_ERROR;
				GCC_WARN_UNDECLARED_SELECTOR = YES;
				GCC_WARN_UNINITIALIZED_AUTOS = YES_AGGRESSIVE;
				GCC_WARN_UNUSED_FUNCTION = YES;
				GCC_WARN_UNUSED_VARIABLE = YES;
				IPHONEOS_DEPLOYMENT_TARGET = 17.0;
				LOCALIZATION_PREFERS_STRING_CATALOGS = YES;
				MTL_ENABLE_DEBUG_INFO = INCLUDE_SOURCE;
				MTL_FAST_MATH = YES;
				ONLY_ACTIVE_ARCH = YES;
				SDKROOT = iphoneos;
				SWIFT_ACTIVE_COMPILATION_CONDITIONS = "DEBUG $(inherited)";
				SWIFT_OPTIMIZATION_LEVEL = "-Onone";
				UIUserInterfaceStyle = Dark;
			};
			name = Debug;
		};
		96EBCB1E2BD006D000F0DC7B /* Release */ = {
			isa = XCBuildConfiguration;
			buildSettings = {
				ALWAYS_SEARCH_USER_PATHS = NO;
				ASSETCATALOG_COMPILER_GENERATE_SWIFT_ASSET_SYMBOL_EXTENSIONS = YES;
				CLANG_ANALYZER_NONNULL = YES;
				CLANG_ANALYZER_NUMBER_OBJECT_CONVERSION = YES_AGGRESSIVE;
				CLANG_CXX_LANGUAGE_STANDARD = "gnu++20";
				CLANG_ENABLE_MODULES = YES;
				CLANG_ENABLE_OBJC_ARC = YES;
				CLANG_ENABLE_OBJC_WEAK = YES;
				CLANG_WARN_BLOCK_CAPTURE_AUTORELEASING = YES;
				CLANG_WARN_BOOL_CONVERSION = YES;
				CLANG_WARN_COMMA = YES;
				CLANG_WARN_CONSTANT_CONVERSION = YES;
				CLANG_WARN_DEPRECATED_OBJC_IMPLEMENTATIONS = YES;
				CLANG_WARN_DIRECT_OBJC_ISA_USAGE = YES_ERROR;
				CLANG_WARN_DOCUMENTATION_COMMENTS = YES;
				CLANG_WARN_EMPTY_BODY = YES;
				CLANG_WARN_ENUM_CONVERSION = YES;
				CLANG_WARN_INFINITE_RECURSION = YES;
				CLANG_WARN_INT_CONVERSION = YES;
				CLANG_WARN_NON_LITERAL_NULL_CONVERSION = YES;
				CLANG_WARN_OBJC_IMPLICIT_RETAIN_SELF = YES;
				CLANG_WARN_OBJC_LITERAL_CONVERSION = YES;
				CLANG_WARN_OBJC_ROOT_CLASS = YES_ERROR;
				CLANG_WARN_QUOTED_INCLUDE_IN_FRAMEWORK_HEADER = YES;
				CLANG_WARN_RANGE_LOOP_ANALYSIS = YES;
				CLANG_WARN_STRICT_PROTOTYPES = YES;
				CLANG_WARN_SUSPICIOUS_MOVE = YES;
				CLANG_WARN_UNGUARDED_AVAILABILITY = YES_AGGRESSIVE;
				CLANG_WARN_UNREACHABLE_CODE = YES;
				CLANG_WARN__DUPLICATE_METHOD_MATCH = YES;
				COPY_PHASE_STRIP = NO;
				DEBUG_INFORMATION_FORMAT = "dwarf-with-dsym";
				ENABLE_NS_ASSERTIONS = NO;
				ENABLE_STRICT_OBJC_MSGSEND = YES;
				ENABLE_USER_SCRIPT_SANDBOXING = YES;
				GCC_C_LANGUAGE_STANDARD = gnu17;
				GCC_NO_COMMON_BLOCKS = YES;
				GCC_WARN_64_TO_32_BIT_CONVERSION = YES;
				GCC_WARN_ABOUT_RETURN_TYPE = YES_ERROR;
				GCC_WARN_UNDECLARED_SELECTOR = YES;
				GCC_WARN_UNINITIALIZED_AUTOS = YES_AGGRESSIVE;
				GCC_WARN_UNUSED_FUNCTION = YES;
				GCC_WARN_UNUSED_VARIABLE = YES;
				IPHONEOS_DEPLOYMENT_TARGET = 17.0;
				LOCALIZATION_PREFERS_STRING_CATALOGS = YES;
				MTL_ENABLE_DEBUG_INFO = NO;
				MTL_FAST_MATH = YES;
				SDKROOT = iphoneos;
				SWIFT_COMPILATION_MODE = wholemodule;
				UIUserInterfaceStyle = Dark;
				"UIUserInterfaceStyle[arch=*]" = Dark;
				VALIDATE_PRODUCT = YES;
			};
			name = Release;
		};
		96EBCB202BD006D000F0DC7B /* Debug */ = {
			isa = XCBuildConfiguration;
			buildSettings = {
				ASSETCATALOG_COMPILER_APPICON_NAME = AppIcon;
				ASSETCATALOG_COMPILER_GLOBAL_ACCENT_COLOR_NAME = AccentColor;
				CODE_SIGN_STYLE = Automatic;
				CURRENT_PROJECT_VERSION = 1;
				DEVELOPMENT_ASSET_PATHS = "\"EcommerceApp/Preview Content\"";
				DEVELOPMENT_TEAM = BAVBTTV3JF;
				ENABLE_PREVIEWS = YES;
				GENERATE_INFOPLIST_FILE = YES;
				INFOPLIST_KEY_UIApplicationSceneManifest_Generation = YES;
				INFOPLIST_KEY_UIApplicationSupportsIndirectInputEvents = YES;
				INFOPLIST_KEY_UILaunchScreen_Generation = YES;
				INFOPLIST_KEY_UIStatusBarStyle = UIStatusBarStyleDarkContent;
				INFOPLIST_KEY_UISupportedInterfaceOrientations_iPad = "UIInterfaceOrientationPortrait UIInterfaceOrientationPortraitUpsideDown UIInterfaceOrientationLandscapeLeft UIInterfaceOrientationLandscapeRight";
				INFOPLIST_KEY_UISupportedInterfaceOrientations_iPhone = "UIInterfaceOrientationPortrait UIInterfaceOrientationLandscapeLeft UIInterfaceOrientationLandscapeRight";
				LD_RUNPATH_SEARCH_PATHS = (
					"$(inherited)",
					"@executable_path/Frameworks",
				);
				MARKETING_VERSION = 1.0;
				PRODUCT_BUNDLE_IDENTIFIER = com.SDesign.EcommerceApp;
				PRODUCT_NAME = "$(TARGET_NAME)";
				SWIFT_EMIT_LOC_STRINGS = YES;
				SWIFT_VERSION = 5.0;
				TARGETED_DEVICE_FAMILY = "1,2";
				UIUserInterfaceStyle = Light;
			};
			name = Debug;
		};
		96EBCB212BD006D000F0DC7B /* Release */ = {
			isa = XCBuildConfiguration;
			buildSettings = {
				ASSETCATALOG_COMPILER_APPICON_NAME = AppIcon;
				ASSETCATALOG_COMPILER_GLOBAL_ACCENT_COLOR_NAME = AccentColor;
				CODE_SIGN_STYLE = Automatic;
				CURRENT_PROJECT_VERSION = 1;
				DEVELOPMENT_ASSET_PATHS = "\"EcommerceApp/Preview Content\"";
				DEVELOPMENT_TEAM = BAVBTTV3JF;
				ENABLE_PREVIEWS = YES;
				GENERATE_INFOPLIST_FILE = YES;
				"GENERATE_INFOPLIST_FILE[sdk=iphoneos*]" = YES;
				INFOPLIST_KEY_UIApplicationSceneManifest_Generation = YES;
				INFOPLIST_KEY_UIApplicationSupportsIndirectInputEvents = YES;
				INFOPLIST_KEY_UILaunchScreen_Generation = YES;
				INFOPLIST_KEY_UIStatusBarStyle = UIStatusBarStyleDarkContent;
				"INFOPLIST_KEY_UIStatusBarStyle[sdk=iphoneos*]" = UIStatusBarStyleLightContent;
				INFOPLIST_KEY_UISupportedInterfaceOrientations_iPad = "UIInterfaceOrientationPortrait UIInterfaceOrientationPortraitUpsideDown UIInterfaceOrientationLandscapeLeft UIInterfaceOrientationLandscapeRight";
				INFOPLIST_KEY_UISupportedInterfaceOrientations_iPhone = "UIInterfaceOrientationPortrait UIInterfaceOrientationLandscapeLeft UIInterfaceOrientationLandscapeRight";
				LD_RUNPATH_SEARCH_PATHS = (
					"$(inherited)",
					"@executable_path/Frameworks",
				);
				MARKETING_VERSION = 1.0;
				PRODUCT_BUNDLE_IDENTIFIER = com.SDesign.EcommerceApp;
				PRODUCT_NAME = "$(TARGET_NAME)";
				SWIFT_EMIT_LOC_STRINGS = YES;
				SWIFT_VERSION = 5.0;
				TARGETED_DEVICE_FAMILY = "1,2";
				UIUserInterfaceStyle = Light;
				"UIUserInterfaceStyle[arch=*]" = Light;
				"UIUserInterfaceStyle[sdk=iphoneos*]" = Light;
			};
			name = Release;
		};
/* End XCBuildConfiguration section */

/* Begin XCConfigurationList section */
		96EBCB0C2BD006CE00F0DC7B /* Build configuration list for PBXProject "EcommerceApp" */ = {
			isa = XCConfigurationList;
			buildConfigurations = (
				96EBCB1D2BD006D000F0DC7B /* Debug */,
				96EBCB1E2BD006D000F0DC7B /* Release */,
			);
			defaultConfigurationIsVisible = 0;
			defaultConfigurationName = Release;
		};
		96EBCB1F2BD006D000F0DC7B /* Build configuration list for PBXNativeTarget "EcommerceApp" */ = {
			isa = XCConfigurationList;
			buildConfigurations = (
				96EBCB202BD006D000F0DC7B /* Debug */,
				96EBCB212BD006D000F0DC7B /* Release */,
			);
			defaultConfigurationIsVisible = 0;
			defaultConfigurationName = Release;
		};
/* End XCConfigurationList section */
	};
	rootObject = 96EBCB092BD006CE00F0DC7B /* Project object */;
}
